
Microsoft Visual Studio Solution File, Format Version 12.00
# Visual Studio Version 17
VisualStudioVersion = 17.10.34928.147
MinimumVisualStudioVersion = 10.0.40219.1
Project("{9A19103F-16F7-4668-BE54-9A1E7A4F7556}") = "CreditCards", "CreditCards\CreditCards.csproj", "{07AC6A49-2E2C-4212-A21C-F44018680CC8}"
EndProject
Project("{9A19103F-16F7-4668-BE54-9A1E7A4F7556}") = "CreditCards.UITests", "CreditCards.UITests\CreditCards.UITests.csproj", "{742FD987-2690-40D8-96B0-84A018555D7A}"
EndProject
Project("{9A19103F-16F7-4668-BE54-9A1E7A4F7556}") = "CreditCards.MyUITest", "CreditCards.MyUITest\CreditCards.MyUITest.csproj", "{C2F037ED-E892-4759-9BDB-D3AD6E977988}"
EndProject
Project("{FAE04EC0-301F-11D3-BF4B-00C04F79EFBC}") = "CreditCards.UnitTest", "CreditCards.UnitTest\CreditCards.UnitTest.csproj", "{CEDC367E-0633-4782-A394-3A6B2EB3BCE7}"
EndProject
Global
	GlobalSection(SolutionConfigurationPlatforms) = preSolution
		Debug|Any CPU = Debug|Any CPU
		Release|Any CPU = Release|Any CPU
	EndGlobalSection
	GlobalSection(ProjectConfigurationPlatforms) = postSolution
		{07AC6A49-2E2C-4212-A21C-F44018680CC8}.Debug|Any CPU.ActiveCfg = Debug|Any CPU
		{07AC6A49-2E2C-4212-A21C-F44018680CC8}.Debug|Any CPU.Build.0 = Debug|Any CPU
		{07AC6A49-2E2C-4212-A21C-F44018680CC8}.Release|Any CPU.ActiveCfg = Release|Any CPU
		{07AC6A49-2E2C-4212-A21C-F44018680CC8}.Release|Any CPU.Build.0 = Release|Any CPU
		{742FD987-2690-40D8-96B0-84A018555D7A}.Debug|Any CPU.ActiveCfg = Debug|Any CPU
		{742FD987-2690-40D8-96B0-84A018555D7A}.Debug|Any CPU.Build.0 = Debug|Any CPU
		{742FD987-2690-40D8-96B0-84A018555D7A}.Release|Any CPU.ActiveCfg = Release|Any CPU
		{742FD987-2690-40D8-96B0-84A018555D7A}.Release|Any CPU.Build.0 = Release|Any CPU
		{C2F037ED-E892-4759-9BDB-D3AD6E977988}.Debug|Any CPU.ActiveCfg = Debug|Any CPU
		{C2F037ED-E892-4759-9BDB-D3AD6E977988}.Debug|Any CPU.Build.0 = Debug|Any CPU
		{C2F037ED-E892-4759-9BDB-D3AD6E977988}.Release|Any CPU.ActiveCfg = Release|Any CPU
		{C2F037ED-E892-4759-9BDB-D3AD6E977988}.Release|Any CPU.Build.0 = Release|Any CPU
		{CEDC367E-0633-4782-A394-3A6B2EB3BCE7}.Debug|Any CPU.ActiveCfg = Debug|Any CPU
		{CEDC367E-0633-4782-A394-3A6B2EB3BCE7}.Debug|Any CPU.Build.0 = Debug|Any CPU
		{CEDC367E-0633-4782-A394-3A6B2EB3BCE7}.Release|Any CPU.ActiveCfg = Release|Any CPU
		{CEDC367E-0633-4782-A394-3A6B2EB3BCE7}.Release|Any CPU.Build.0 = Release|Any CPU
	EndGlobalSection
	GlobalSection(SolutionProperties) = preSolution
		HideSolutionNode = FALSE
	EndGlobalSection
	GlobalSection(ExtensibilityGlobals) = postSolution
		SolutionGuid = {0235B624-4CC6-40E8-BBBB-E4C014F80047}
	EndGlobalSection
EndGlobal
